
Microsoft Visual Studio Solution File, Format Version 12.00
Project("{FAE04EC0-301F-11D3-BF4B-00C04F79EFBC}") = "pizza_net", "pizza_net\pizza_net.csproj", "{5A3B08F4-1C96-43CC-8B6F-A7A35A51341E}"
EndProject
Global
	GlobalSection(SolutionConfigurationPlatforms) = preSolution
		Debug|Any CPU = Debug|Any CPU
		Release|Any CPU = Release|Any CPU
	EndGlobalSection
	GlobalSection(ProjectConfigurationPlatforms) = postSolution
		{5A3B08F4-1C96-43CC-8B6F-A7A35A51341E}.Debug|Any CPU.ActiveCfg = Debug|Any CPU
		{5A3B08F4-1C96-43CC-8B6F-A7A35A51341E}.Debug|Any CPU.Build.0 = Debug|Any CPU
		{5A3B08F4-1C96-43CC-8B6F-A7A35A51341E}.Release|Any CPU.ActiveCfg = Release|Any CPU
		{5A3B08F4-1C96-43CC-8B6F-A7A35A51341E}.Release|Any CPU.Build.0 = Release|Any CPU
	EndGlobalSection
EndGlobal
